
Microsoft Visual Studio Solution File, Format Version 12.00
# Visual Studio 15
VisualStudioVersion = 15.0.28307.705
MinimumVisualStudioVersion = 10.0.40219.1
Project("{FAE04EC0-301F-11D3-BF4B-00C04F79EFBC}") = "MedicalShp", "MedicalShp\MedicalShp.csproj", "{55629E52-AAB9-4479-85D1-93A1E9A73264}"
EndProject
Global
	GlobalSection(SolutionConfigurationPlatforms) = preSolution
		Debug|Any CPU = Debug|Any CPU
		Release|Any CPU = Release|Any CPU
	EndGlobalSection
	GlobalSection(ProjectConfigurationPlatforms) = postSolution
		{55629E52-AAB9-4479-85D1-93A1E9A73264}.Debug|Any CPU.ActiveCfg = Debug|Any CPU
		{55629E52-AAB9-4479-85D1-93A1E9A73264}.Debug|Any CPU.Build.0 = Debug|Any CPU
		{55629E52-AAB9-4479-85D1-93A1E9A73264}.Release|Any CPU.ActiveCfg = Release|Any CPU
		{55629E52-AAB9-4479-85D1-93A1E9A73264}.Release|Any CPU.Build.0 = Release|Any CPU
	EndGlobalSection
	GlobalSection(SolutionProperties) = preSolution
		HideSolutionNode = FALSE
	EndGlobalSection
	GlobalSection(ExtensibilityGlobals) = postSolution
		SolutionGuid = {91C51D5F-80C0-4FDC-8150-4475E71DEFDF}
	EndGlobalSection
EndGlobal
